
Microsoft Visual Studio Solution File, Format Version 12.00
# Visual Studio Version 17
VisualStudioVersion = 17.9.34728.123
MinimumVisualStudioVersion = 10.0.40219.1
Project("{2150E333-8FDC-42A3-9474-1A3956D46DE8}") = "Layout", "Layout", "{11C340F5-8C68-4C18-927B-203176BB5322}"
EndProject
Project("{FAE04EC0-301F-11D3-BF4B-00C04F79EFBC}") = "2、UniformGrid", "2、UniformGrid\2、UniformGrid.csproj", "{098B981D-7107-491B-8941-30E82213DF23}"
EndProject
Project("{FAE04EC0-301F-11D3-BF4B-00C04F79EFBC}") = "1、Grid", "1、Grid\1、Grid.csproj", "{A1529D83-8245-493E-9A00-E3D6591B7F26}"
EndProject
Project("{FAE04EC0-301F-11D3-BF4B-00C04F79EFBC}") = "3、StackPanel", "3、StackPanel\3、StackPanel.csproj", "{F1E13491-6B55-40C7-BF06-031112E2B1CD}"
EndProject
Project("{FAE04EC0-301F-11D3-BF4B-00C04F79EFBC}") = "4、DockPanel", "4、DockPanel\4、DockPanel.csproj", "{244CAEA5-41D6-419B-97F6-0D8B5B42C415}"
EndProject
Project("{FAE04EC0-301F-11D3-BF4B-00C04F79EFBC}") = "5、WrapPanel", "5、WrapPanel\5、WrapPanel.csproj", "{F7C5D17F-6E64-402A-988F-56C503B49447}"
EndProject
Project("{FAE04EC0-301F-11D3-BF4B-00C04F79EFBC}") = "6、ScrollViewer", "6、ScrollViewer\6、ScrollViewer.csproj", "{13C5DDF6-07B9-472C-9516-190E7B4E858A}"
EndProject
Project("{FAE04EC0-301F-11D3-BF4B-00C04F79EFBC}") = "7、ViewBox", "7、ViewBox\7、ViewBox.csproj", "{511D06AC-0682-441C-98D6-856BF0F99981}"
EndProject
Project("{FAE04EC0-301F-11D3-BF4B-00C04F79EFBC}") = "8、Border", "8、Border\8、Border.csproj", "{E5A1AF3C-C06C-42F6-B49F-400DF714E44C}"
EndProject
Project("{FAE04EC0-301F-11D3-BF4B-00C04F79EFBC}") = "9、Canvas", "9、Canvas\9、Canvas.csproj", "{EE7A6FCF-83C1-4800-B1D1-5233FC6DBAE3}"
EndProject
Global
	GlobalSection(SolutionConfigurationPlatforms) = preSolution
		Debug|Any CPU = Debug|Any CPU
		Release|Any CPU = Release|Any CPU
	EndGlobalSection
	GlobalSection(ProjectConfigurationPlatforms) = postSolution
		{098B981D-7107-491B-8941-30E82213DF23}.Debug|Any CPU.ActiveCfg = Debug|Any CPU
		{098B981D-7107-491B-8941-30E82213DF23}.Debug|Any CPU.Build.0 = Debug|Any CPU
		{098B981D-7107-491B-8941-30E82213DF23}.Release|Any CPU.ActiveCfg = Release|Any CPU
		{098B981D-7107-491B-8941-30E82213DF23}.Release|Any CPU.Build.0 = Release|Any CPU
		{A1529D83-8245-493E-9A00-E3D6591B7F26}.Debug|Any CPU.ActiveCfg = Debug|Any CPU
		{A1529D83-8245-493E-9A00-E3D6591B7F26}.Debug|Any CPU.Build.0 = Debug|Any CPU
		{A1529D83-8245-493E-9A00-E3D6591B7F26}.Release|Any CPU.ActiveCfg = Release|Any CPU
		{A1529D83-8245-493E-9A00-E3D6591B7F26}.Release|Any CPU.Build.0 = Release|Any CPU
		{F1E13491-6B55-40C7-BF06-031112E2B1CD}.Debug|Any CPU.ActiveCfg = Debug|Any CPU
		{F1E13491-6B55-40C7-BF06-031112E2B1CD}.Debug|Any CPU.Build.0 = Debug|Any CPU
		{F1E13491-6B55-40C7-BF06-031112E2B1CD}.Release|Any CPU.ActiveCfg = Release|Any CPU
		{F1E13491-6B55-40C7-BF06-031112E2B1CD}.Release|Any CPU.Build.0 = Release|Any CPU
		{244CAEA5-41D6-419B-97F6-0D8B5B42C415}.Debug|Any CPU.ActiveCfg = Debug|Any CPU
		{244CAEA5-41D6-419B-97F6-0D8B5B42C415}.Debug|Any CPU.Build.0 = Debug|Any CPU
		{244CAEA5-41D6-419B-97F6-0D8B5B42C415}.Release|Any CPU.ActiveCfg = Release|Any CPU
		{244CAEA5-41D6-419B-97F6-0D8B5B42C415}.Release|Any CPU.Build.0 = Release|Any CPU
		{F7C5D17F-6E64-402A-988F-56C503B49447}.Debug|Any CPU.ActiveCfg = Debug|Any CPU
		{F7C5D17F-6E64-402A-988F-56C503B49447}.Debug|Any CPU.Build.0 = Debug|Any CPU
		{F7C5D17F-6E64-402A-988F-56C503B49447}.Release|Any CPU.ActiveCfg = Release|Any CPU
		{F7C5D17F-6E64-402A-988F-56C503B49447}.Release|Any CPU.Build.0 = Release|Any CPU
		{13C5DDF6-07B9-472C-9516-190E7B4E858A}.Debug|Any CPU.ActiveCfg = Debug|Any CPU
		{13C5DDF6-07B9-472C-9516-190E7B4E858A}.Debug|Any CPU.Build.0 = Debug|Any CPU
		{13C5DDF6-07B9-472C-9516-190E7B4E858A}.Release|Any CPU.ActiveCfg = Release|Any CPU
		{13C5DDF6-07B9-472C-9516-190E7B4E858A}.Release|Any CPU.Build.0 = Release|Any CPU
		{511D06AC-0682-441C-98D6-856BF0F99981}.Debug|Any CPU.ActiveCfg = Debug|Any CPU
		{511D06AC-0682-441C-98D6-856BF0F99981}.Debug|Any CPU.Build.0 = Debug|Any CPU
		{511D06AC-0682-441C-98D6-856BF0F99981}.Release|Any CPU.ActiveCfg = Release|Any CPU
		{511D06AC-0682-441C-98D6-856BF0F99981}.Release|Any CPU.Build.0 = Release|Any CPU
		{E5A1AF3C-C06C-42F6-B49F-400DF714E44C}.Debug|Any CPU.ActiveCfg = Debug|Any CPU
		{E5A1AF3C-C06C-42F6-B49F-400DF714E44C}.Debug|Any CPU.Build.0 = Debug|Any CPU
		{E5A1AF3C-C06C-42F6-B49F-400DF714E44C}.Release|Any CPU.ActiveCfg = Release|Any CPU
		{E5A1AF3C-C06C-42F6-B49F-400DF714E44C}.Release|Any CPU.Build.0 = Release|Any CPU
		{EE7A6FCF-83C1-4800-B1D1-5233FC6DBAE3}.Debug|Any CPU.ActiveCfg = Debug|Any CPU
		{EE7A6FCF-83C1-4800-B1D1-5233FC6DBAE3}.Debug|Any CPU.Build.0 = Debug|Any CPU
		{EE7A6FCF-83C1-4800-B1D1-5233FC6DBAE3}.Release|Any CPU.ActiveCfg = Release|Any CPU
		{EE7A6FCF-83C1-4800-B1D1-5233FC6DBAE3}.Release|Any CPU.Build.0 = Release|Any CPU
	EndGlobalSection
	GlobalSection(SolutionProperties) = preSolution
		HideSolutionNode = FALSE
	EndGlobalSection
	GlobalSection(NestedProjects) = preSolution
		{098B981D-7107-491B-8941-30E82213DF23} = {11C340F5-8C68-4C18-927B-203176BB5322}
		{A1529D83-8245-493E-9A00-E3D6591B7F26} = {11C340F5-8C68-4C18-927B-203176BB5322}
		{F1E13491-6B55-40C7-BF06-031112E2B1CD} = {11C340F5-8C68-4C18-927B-203176BB5322}
		{244CAEA5-41D6-419B-97F6-0D8B5B42C415} = {11C340F5-8C68-4C18-927B-203176BB5322}
		{F7C5D17F-6E64-402A-988F-56C503B49447} = {11C340F5-8C68-4C18-927B-203176BB5322}
		{13C5DDF6-07B9-472C-9516-190E7B4E858A} = {11C340F5-8C68-4C18-927B-203176BB5322}
		{511D06AC-0682-441C-98D6-856BF0F99981} = {11C340F5-8C68-4C18-927B-203176BB5322}
		{E5A1AF3C-C06C-42F6-B49F-400DF714E44C} = {11C340F5-8C68-4C18-927B-203176BB5322}
		{EE7A6FCF-83C1-4800-B1D1-5233FC6DBAE3} = {11C340F5-8C68-4C18-927B-203176BB5322}
	EndGlobalSection
	GlobalSection(ExtensibilityGlobals) = postSolution
		SolutionGuid = {45ABCF70-BFBA-4B50-BAB5-396A15E9D959}
	EndGlobalSection
EndGlobal
